
Microsoft Visual Studio Solution File, Format Version 12.00
# Visual Studio 15
VisualStudioVersion = 15.0.27703.2026
MinimumVisualStudioVersion = 10.0.40219.1
Project("{FAE04EC0-301F-11D3-BF4B-00C04F79EFBC}") = "TherapyCorner.Portal", "TherapyCorner.Portal\TherapyCorner.Portal.csproj", "{B5FB175B-ABF6-44DD-B3BA-A896E42AA881}"
EndProject
Global
	GlobalSection(SolutionConfigurationPlatforms) = preSolution
		Debug|Any CPU = Debug|Any CPU
		Release|Any CPU = Release|Any CPU
	EndGlobalSection
	GlobalSection(ProjectConfigurationPlatforms) = postSolution
		{B5FB175B-ABF6-44DD-B3BA-A896E42AA881}.Debug|Any CPU.ActiveCfg = Debug|Any CPU
		{B5FB175B-ABF6-44DD-B3BA-A896E42AA881}.Debug|Any CPU.Build.0 = Debug|Any CPU
		{B5FB175B-ABF6-44DD-B3BA-A896E42AA881}.Release|Any CPU.ActiveCfg = Release|Any CPU
		{B5FB175B-ABF6-44DD-B3BA-A896E42AA881}.Release|Any CPU.Build.0 = Release|Any CPU
	EndGlobalSection
	GlobalSection(SolutionProperties) = preSolution
		HideSolutionNode = FALSE
	EndGlobalSection
	GlobalSection(ExtensibilityGlobals) = postSolution
		SolutionGuid = {975DA94D-5643-4D7D-8283-1526D5E69694}
	EndGlobalSection
	GlobalSection(TeamFoundationVersionControl) = preSolution
		SccNumberOfProjects = 2
		SccEnterpriseProvider = {4CA58AB2-18FA-4F8D-95D4-32DDF27D184C}
		SccTeamFoundationServer = https://soundpower.visualstudio.com/
		SccLocalPath0 = .
		SccProjectUniqueName1 = TherapyCorner.Portal\\TherapyCorner.Portal.csproj
		SccProjectName1 = TherapyCorner.Portal
		SccLocalPath1 = TherapyCorner.Portal
	EndGlobalSection
EndGlobal
